
Microsoft Visual Studio Solution File, Format Version 12.00
# Visual Studio 15
VisualStudioVersion = 15.0.28307.421
MinimumVisualStudioVersion = 10.0.40219.1
Project("{FAE04EC0-301F-11D3-BF4B-00C04F79EFBC}") = "BookstoreManagementApp_GUI", "BookstoreManagementApp(Final)\BookstoreManagementApp_GUI.csproj", "{7783BFAB-742C-4967-B1F9-33CE9DCB79DA}"
EndProject
Project("{FAE04EC0-301F-11D3-BF4B-00C04F79EFBC}") = "BookstoreManagementApp_BUS", "BookstoreManagementApp_BUS\BookstoreManagementApp_BUS.csproj", "{ACAD44F8-DA7B-4C5C-AECF-71F0484AC75E}"
EndProject
Project("{FAE04EC0-301F-11D3-BF4B-00C04F79EFBC}") = "BookstoreManagementApp_DAL", "BookstoreManagementApp_DAL\BookstoreManagementApp_DAL.csproj", "{8F7C3E46-1C19-4BAF-9F21-5E940BC39039}"
EndProject
Project("{FAE04EC0-301F-11D3-BF4B-00C04F79EFBC}") = "BookstoreManagementApp_DTO", "BookstoreManagementApp_DTO\BookstoreManagementApp_DTO.csproj", "{FF2045C5-EC50-4D43-858E-BCAEE1E5AF0A}"
EndProject
Global
	GlobalSection(SolutionConfigurationPlatforms) = preSolution
		Debug|Any CPU = Debug|Any CPU
		Release|Any CPU = Release|Any CPU
	EndGlobalSection
	GlobalSection(ProjectConfigurationPlatforms) = postSolution
		{7783BFAB-742C-4967-B1F9-33CE9DCB79DA}.Debug|Any CPU.ActiveCfg = Debug|Any CPU
		{7783BFAB-742C-4967-B1F9-33CE9DCB79DA}.Debug|Any CPU.Build.0 = Debug|Any CPU
		{7783BFAB-742C-4967-B1F9-33CE9DCB79DA}.Release|Any CPU.ActiveCfg = Release|Any CPU
		{7783BFAB-742C-4967-B1F9-33CE9DCB79DA}.Release|Any CPU.Build.0 = Release|Any CPU
		{ACAD44F8-DA7B-4C5C-AECF-71F0484AC75E}.Debug|Any CPU.ActiveCfg = Debug|Any CPU
		{ACAD44F8-DA7B-4C5C-AECF-71F0484AC75E}.Debug|Any CPU.Build.0 = Debug|Any CPU
		{ACAD44F8-DA7B-4C5C-AECF-71F0484AC75E}.Release|Any CPU.ActiveCfg = Release|Any CPU
		{ACAD44F8-DA7B-4C5C-AECF-71F0484AC75E}.Release|Any CPU.Build.0 = Release|Any CPU
		{8F7C3E46-1C19-4BAF-9F21-5E940BC39039}.Debug|Any CPU.ActiveCfg = Debug|Any CPU
		{8F7C3E46-1C19-4BAF-9F21-5E940BC39039}.Debug|Any CPU.Build.0 = Debug|Any CPU
		{8F7C3E46-1C19-4BAF-9F21-5E940BC39039}.Release|Any CPU.ActiveCfg = Release|Any CPU
		{8F7C3E46-1C19-4BAF-9F21-5E940BC39039}.Release|Any CPU.Build.0 = Release|Any CPU
		{FF2045C5-EC50-4D43-858E-BCAEE1E5AF0A}.Debug|Any CPU.ActiveCfg = Debug|Any CPU
		{FF2045C5-EC50-4D43-858E-BCAEE1E5AF0A}.Debug|Any CPU.Build.0 = Debug|Any CPU
		{FF2045C5-EC50-4D43-858E-BCAEE1E5AF0A}.Release|Any CPU.ActiveCfg = Release|Any CPU
		{FF2045C5-EC50-4D43-858E-BCAEE1E5AF0A}.Release|Any CPU.Build.0 = Release|Any CPU
	EndGlobalSection
	GlobalSection(SolutionProperties) = preSolution
		HideSolutionNode = FALSE
	EndGlobalSection
	GlobalSection(ExtensibilityGlobals) = postSolution
		SolutionGuid = {BE99A135-D7FE-4A15-BCEE-71A64491951A}
	EndGlobalSection
EndGlobal
